
Microsoft Visual Studio Solution File, Format Version 12.00
# Visual Studio Version 17
VisualStudioVersion = 17.10.35013.160
MinimumVisualStudioVersion = 10.0.40219.1
Project("{8BC9CEB8-8B4A-11D0-8D11-00A0C91BC942}") = "SanghyeonJO_Pong", "SanghyeonJO_Pong.vcxproj", "{BD9E5F62-6E91-4B5D-B1D1-23A9326009A2}"
EndProject
Global
	GlobalSection(SolutionConfigurationPlatforms) = preSolution
		Debug|x64 = Debug|x64
		Release|x64 = Release|x64
	EndGlobalSection
	GlobalSection(ProjectConfigurationPlatforms) = postSolution
		{BD9E5F62-6E91-4B5D-B1D1-23A9326009A2}.Debug|x64.ActiveCfg = Debug|x64
		{BD9E5F62-6E91-4B5D-B1D1-23A9326009A2}.Debug|x64.Build.0 = Debug|x64
		{BD9E5F62-6E91-4B5D-B1D1-23A9326009A2}.Release|x64.ActiveCfg = Release|x64
		{BD9E5F62-6E91-4B5D-B1D1-23A9326009A2}.Release|x64.Build.0 = Release|x64
	EndGlobalSection
	GlobalSection(SolutionProperties) = preSolution
		HideSolutionNode = FALSE
	EndGlobalSection
	GlobalSection(ExtensibilityGlobals) = postSolution
		SolutionGuid = {BDCE989C-4458-46FB-8D83-6030484E67BD}
	EndGlobalSection
EndGlobal
