<?xml version="1.0" encoding="utf-8"?>
<Project ToolsVersion="4.0" xmlns="http://schemas.microsoft.com/developer/msbuild/2003">
  <ItemGroup>
    <Filter Include="소스 파일">
      <UniqueIdentifier>{4FC737F1-C7A5-4376-A066-2A32D752A2FF}</UniqueIdentifier>
      <Extensions>cpp;c;cc;cxx;c++;cppm;ixx;def;odl;idl;hpj;bat;asm;asmx</Extensions>
    </Filter>
    <Filter Include="헤더 파일">
      <UniqueIdentifier>{93995380-89BD-4b04-88EB-625FBE52EBFB}</UniqueIdentifier>
      <Extensions>h;hh;hpp;hxx;h++;hm;inl;inc;ipp;xsd</Extensions>
    </Filter>
    <Filter Include="리소스 파일">
      <UniqueIdentifier>{67DA6AB6-F800-4c08-8B7A-83BB121AAD01}</UniqueIdentifier>
      <Extensions>rc;ico;cur;bmp;dlg;rc2;rct;bin;rgs;gif;jpg;jpeg;jpe;resx;tiff;tif;png;wav;mfcribbon-ms</Extensions>
    </Filter>
  </ItemGroup>
  <ItemGroup>
    <ClCompile Include="main.cpp">
      <Filter>소스 파일</Filter>
    </ClCompile>
    <ClCompile Include="Scripts\ComponentManager\EngineManager.cpp">
      <Filter>소스 파일</Filter>
    </ClCompile>
    <ClCompile Include="Scripts\ComponentManager\GraphicsManager.cpp">
      <Filter>소스 파일</Filter>
    </ClCompile>
    <ClCompile Include="Scripts\ComponentManager\LogicManager.cpp">
      <Filter>소스 파일</Filter>
    </ClCompile>
    <ClCompile Include="Scripts\Components\AudioComponent.cpp">
      <Filter>소스 파일</Filter>
    </ClCompile>
    <ClCompile Include="Scripts\Components\EngineComponent.cpp">
      <Filter>소스 파일</Filter>
    </ClCompile>
    <ClCompile Include="Scripts\Components\GraphicsComponent.cpp">
      <Filter>소스 파일</Filter>
    </ClCompile>
    <ClCompile Include="Scripts\Components\LogicComponent.cpp">
      <Filter>소스 파일</Filter>
    </ClCompile>
    <ClCompile Include="Scripts\Components\PlayerComp.cpp">
      <Filter>소스 파일</Filter>
    </ClCompile>
    <ClCompile Include="Scripts\Components\RigidbodyComp.cpp">
      <Filter>소스 파일</Filter>
    </ClCompile>
    <ClCompile Include="Scripts\Components\SpriteComp.cpp">
      <Filter>소스 파일</Filter>
    </ClCompile>
    <ClCompile Include="Scripts\Components\TransformComp.cpp">
      <Filter>소스 파일</Filter>
    </ClCompile>
    <ClCompile Include="Scripts\GameObject\GameObject.cpp">
      <Filter>소스 파일</Filter>
    </ClCompile>
    <ClCompile Include="Scripts\GameObject\GOManager.cpp">
      <Filter>소스 파일</Filter>
    </ClCompile>
    <ClCompile Include="Scripts\GSM\GameStateManager.cpp">
      <Filter>소스 파일</Filter>
    </ClCompile>
    <ClCompile Include="Scripts\GSM\GoalLevel.cpp">
      <Filter>소스 파일</Filter>
    </ClCompile>
    <ClCompile Include="Scripts\GSM\MainLevel.cpp">
      <Filter>소스 파일</Filter>
    </ClCompile>
    <ClCompile Include="Scripts\ResourceManager\MusicResource.cpp">
      <Filter>소스 파일</Filter>
    </ClCompile>
    <ClCompile Include="Scripts\ResourceManager\ResourceManager.cpp">
      <Filter>소스 파일</Filter>
    </ClCompile>
    <ClCompile Include="Scripts\ResourceManager\TextResource.cpp">
      <Filter>소스 파일</Filter>
    </ClCompile>
    <ClCompile Include="Scripts\RTTI\Registry.cpp">
      <Filter>소스 파일</Filter>
    </ClCompile>
    <ClCompile Include="Scripts\Serializer\Serializer.cpp">
      <Filter>소스 파일</Filter>
    </ClCompile>
    <ClCompile Include="Scripts\GSM\FailLevel.cpp">
      <Filter>소스 파일</Filter>
    </ClCompile>
    <ClCompile Include="Scripts\GSM\MainMenu.cpp">
      <Filter>소스 파일</Filter>
    </ClCompile>
    <ClCompile Include="Scripts\Components\PlayerComp2.cpp">
      <Filter>소스 파일</Filter>
    </ClCompile>
  </ItemGroup>
  <ItemGroup>
    <ClInclude Include="Scripts\ComponentManager\EngineManager.h">
      <Filter>헤더 파일</Filter>
    </ClInclude>
    <ClInclude Include="Scripts\ComponentManager\GraphicsManager.h">
      <Filter>헤더 파일</Filter>
    </ClInclude>
    <ClInclude Include="Scripts\ComponentManager\LogicManager.h">
      <Filter>헤더 파일</Filter>
    </ClInclude>
    <ClInclude Include="Scripts\Components\AudioComponent.h">
      <Filter>헤더 파일</Filter>
    </ClInclude>
    <ClInclude Include="Scripts\Components\BaseComponent.h">
      <Filter>헤더 파일</Filter>
    </ClInclude>
    <ClInclude Include="Scripts\Components\EngineComponent.h">
      <Filter>헤더 파일</Filter>
    </ClInclude>
    <ClInclude Include="Scripts\Components\GraphicsComponent.h">
      <Filter>헤더 파일</Filter>
    </ClInclude>
    <ClInclude Include="Scripts\Components\LogicComponent.h">
      <Filter>헤더 파일</Filter>
    </ClInclude>
    <ClInclude Include="Scripts\Components\PlayerComp.h">
      <Filter>헤더 파일</Filter>
    </ClInclude>
    <ClInclude Include="Scripts\Components\RigidbodyComp.h">
      <Filter>헤더 파일</Filter>
    </ClInclude>
    <ClInclude Include="Scripts\Components\SpriteComp.h">
      <Filter>헤더 파일</Filter>
    </ClInclude>
    <ClInclude Include="Scripts\Components\TransformComp.h">
      <Filter>헤더 파일</Filter>
    </ClInclude>
    <ClInclude Include="Extern\AlphaEngine\include\AEAudio.h">
      <Filter>헤더 파일</Filter>
    </ClInclude>
    <ClInclude Include="Extern\AlphaEngine\include\AEEngine.h">
      <Filter>헤더 파일</Filter>
    </ClInclude>
    <ClInclude Include="Extern\AlphaEngine\include\AEExport.h">
      <Filter>헤더 파일</Filter>
    </ClInclude>
    <ClInclude Include="Extern\AlphaEngine\include\AEFrameRateController.h">
      <Filter>헤더 파일</Filter>
    </ClInclude>
    <ClInclude Include="Extern\AlphaEngine\include\AEGraphics.h">
      <Filter>헤더 파일</Filter>
    </ClInclude>
    <ClInclude Include="Extern\AlphaEngine\include\AEInput.h">
      <Filter>헤더 파일</Filter>
    </ClInclude>
    <ClInclude Include="Extern\AlphaEngine\include\AELineSegment2.h">
      <Filter>헤더 파일</Filter>
    </ClInclude>
    <ClInclude Include="Extern\AlphaEngine\include\AEMath.h">
      <Filter>헤더 파일</Filter>
    </ClInclude>
    <ClInclude Include="Extern\AlphaEngine\include\AEMtx33.h">
      <Filter>헤더 파일</Filter>
    </ClInclude>
    <ClInclude Include="Extern\AlphaEngine\include\AESystem.h">
      <Filter>헤더 파일</Filter>
    </ClInclude>
    <ClInclude Include="Extern\AlphaEngine\include\AETypes.h">
      <Filter>헤더 파일</Filter>
    </ClInclude>
    <ClInclude Include="Extern\AlphaEngine\include\AEUtil.h">
      <Filter>헤더 파일</Filter>
    </ClInclude>
    <ClInclude Include="Extern\AlphaEngine\include\AEVec2.h">
      <Filter>헤더 파일</Filter>
    </ClInclude>
    <ClInclude Include="Extern\json\json.hpp">
      <Filter>헤더 파일</Filter>
    </ClInclude>
    <ClInclude Include="Extern\json\json_fwd.hpp">
      <Filter>헤더 파일</Filter>
    </ClInclude>
    <ClInclude Include="Scripts\GameObject\GameObject.h">
      <Filter>헤더 파일</Filter>
    </ClInclude>
    <ClInclude Include="Scripts\GameObject\GOManager.h">
      <Filter>헤더 파일</Filter>
    </ClInclude>
    <ClInclude Include="Scripts\GSM\BaseLevel.h">
      <Filter>헤더 파일</Filter>
    </ClInclude>
    <ClInclude Include="Scripts\GSM\GameStateManager.h">
      <Filter>헤더 파일</Filter>
    </ClInclude>
    <ClInclude Include="Scripts\GSM\GoalLevel.h">
      <Filter>헤더 파일</Filter>
    </ClInclude>
    <ClInclude Include="Scripts\GSM\MainLevel.h">
      <Filter>헤더 파일</Filter>
    </ClInclude>
    <ClInclude Include="Scripts\ResourceManager\MusicResource.h">
      <Filter>헤더 파일</Filter>
    </ClInclude>
    <ClInclude Include="Scripts\ResourceManager\Resource.h">
      <Filter>헤더 파일</Filter>
    </ClInclude>
    <ClInclude Include="Scripts\ResourceManager\ResourceManager.h">
      <Filter>헤더 파일</Filter>
    </ClInclude>
    <ClInclude Include="Scripts\ResourceManager\TextResource.h">
      <Filter>헤더 파일</Filter>
    </ClInclude>
    <ClInclude Include="Scripts\RTTI\BaseRTTI.h">
      <Filter>헤더 파일</Filter>
    </ClInclude>
    <ClInclude Include="Scripts\RTTI\Registry.h">
      <Filter>헤더 파일</Filter>
    </ClInclude>
    <ClInclude Include="Scripts\Serializer\Serializer.h">
      <Filter>헤더 파일</Filter>
    </ClInclude>
    <ClInclude Include="Scripts\GSM\FailLevel.h">
      <Filter>헤더 파일</Filter>
    </ClInclude>
    <ClInclude Include="Scripts\Components\PlayerComp2.h">
      <Filter>헤더 파일</Filter>
    </ClInclude>
    <ClInclude Include="Scripts\GSM\Score.h">
      <Filter>헤더 파일</Filter>
    </ClInclude>
    <ClInclude Include="Scripts\GSM\MainMenu.h">
      <Filter>헤더 파일</Filter>
    </ClInclude>
    <ClInclude Include="Scripts\ComponentManager\EventManager.h">
      <Filter>헤더 파일</Filter>
    </ClInclude>
  </ItemGroup>
  <ItemGroup>
    <None Include="Scripts\GameObject\GameObject.inl">
      <Filter>헤더 파일</Filter>
    </None>
    <None Include="test.json" />
  </ItemGroup>
  <ItemGroup>
    <Text Include="Scripts\RTTI\RTTI.txt" />
    <Text Include="Scripts\Serializer\json.txt" />
  </ItemGroup>
  <ItemGroup>
    <Media Include="Assets\bouken.mp3" />
    <Media Include="Assets\ore.mp3" />
  </ItemGroup>
  <ItemGroup>
    <Image Include="Assets\ame.png">
      <Filter>리소스 파일</Filter>
    </Image>
    <Image Include="Assets\hos.png">
      <Filter>리소스 파일</Filter>
    </Image>
    <Image Include="Assets\PlanetTexture.png">
      <Filter>리소스 파일</Filter>
    </Image>
  </ItemGroup>
  <ItemGroup>
    <Font Include="Assets\liberation-mono.ttf" />
  </ItemGroup>
</Project>